
Microsoft Visual Studio Solution File, Format Version 12.00
# Visual Studio Version 16
VisualStudioVersion = 16.0.30204.135
MinimumVisualStudioVersion = 10.0.40219.1
Project("{FAE04EC0-301F-11D3-BF4B-00C04F79EFBC}") = "HaberPortal", "HaberPortal\HaberPortal.csproj", "{8DAB81BB-3427-441C-ACF5-6AE29C1FD9E7}"
EndProject
Project("{FAE04EC0-301F-11D3-BF4B-00C04F79EFBC}") = "HaberApi", "HaberApi\HaberApi.csproj", "{5230B966-90EC-42AB-AD4D-67A17F3517DE}"
EndProject
Global
	GlobalSection(SolutionConfigurationPlatforms) = preSolution
		Debug|Any CPU = Debug|Any CPU
		Release|Any CPU = Release|Any CPU
	EndGlobalSection
	GlobalSection(ProjectConfigurationPlatforms) = postSolution
		{8DAB81BB-3427-441C-ACF5-6AE29C1FD9E7}.Debug|Any CPU.ActiveCfg = Debug|Any CPU
		{8DAB81BB-3427-441C-ACF5-6AE29C1FD9E7}.Debug|Any CPU.Build.0 = Debug|Any CPU
		{8DAB81BB-3427-441C-ACF5-6AE29C1FD9E7}.Release|Any CPU.ActiveCfg = Release|Any CPU
		{8DAB81BB-3427-441C-ACF5-6AE29C1FD9E7}.Release|Any CPU.Build.0 = Release|Any CPU
		{5230B966-90EC-42AB-AD4D-67A17F3517DE}.Debug|Any CPU.ActiveCfg = Debug|Any CPU
		{5230B966-90EC-42AB-AD4D-67A17F3517DE}.Debug|Any CPU.Build.0 = Debug|Any CPU
		{5230B966-90EC-42AB-AD4D-67A17F3517DE}.Release|Any CPU.ActiveCfg = Release|Any CPU
		{5230B966-90EC-42AB-AD4D-67A17F3517DE}.Release|Any CPU.Build.0 = Release|Any CPU
	EndGlobalSection
	GlobalSection(SolutionProperties) = preSolution
		HideSolutionNode = FALSE
	EndGlobalSection
	GlobalSection(ExtensibilityGlobals) = postSolution
		SolutionGuid = {B6D7E80D-7E69-410F-B882-20D388C1A2DB}
	EndGlobalSection
EndGlobal
